
Microsoft Visual Studio Solution File, Format Version 12.00
# Visual Studio Version 17
VisualStudioVersion = 17.9.34607.119
MinimumVisualStudioVersion = 10.0.40219.1
Project("{9A19103F-16F7-4668-BE54-9A1E7A4F7556}") = "ClassicalCalendar", "ClassicalCalendar\ClassicalCalendar.csproj", "{CEFE6226-738C-4296-A451-DA62029533E6}"
EndProject
Project("{2150E333-8FDC-42A3-9474-1A3956D46DE8}") = "ClassicalCalendarModel", "ClassicalCalendarModel", "{69680487-6868-4531-8F7B-40703E8C5B01}"
EndProject
Project("{2150E333-8FDC-42A3-9474-1A3956D46DE8}") = "ClassicalCalendarDTO", "ClassicalCalendarDTO", "{3C545755-A26F-47BF-9F84-CD49C69ACABC}"
EndProject
Project("{9A19103F-16F7-4668-BE54-9A1E7A4F7556}") = "DTO", "DTO\DTO.csproj", "{EF378E65-BE45-4315-A6E9-25699AFF8E97}"
EndProject
Project("{9A19103F-16F7-4668-BE54-9A1E7A4F7556}") = "DBModel", "DBModel\DBModel.csproj", "{5F125B93-674C-407E-A2F3-B10CAC474FA8}"
EndProject
Project("{2150E333-8FDC-42A3-9474-1A3956D46DE8}") = "Schedular", "Schedular", "{6D2CA92B-9C43-4910-A478-2887B8E00E91}"
EndProject
Project("{9A19103F-16F7-4668-BE54-9A1E7A4F7556}") = "OptiChainScheduler", "OptiChainScheduler\OptiChainScheduler.csproj", "{CD556536-1912-41EB-85B3-50B4BA0C4C95}"
EndProject
Project("{2150E333-8FDC-42A3-9474-1A3956D46DE8}") = "JsonModel", "JsonModel", "{5E39F98C-F41D-415B-BDB2-51418B0F3596}"
EndProject
Project("{9A19103F-16F7-4668-BE54-9A1E7A4F7556}") = "ClassicalCalendarJsonModel", "ClassicalCalendarJsonModel\ClassicalCalendarJsonModel.csproj", "{6B99F2F5-51C1-40E2-BBC7-B641C35021CC}"
EndProject
Project("{2150E333-8FDC-42A3-9474-1A3956D46DE8}") = "GenericModels", "GenericModels", "{357C8475-DA62-4A66-8841-12044504B5E4}"
EndProject
Project("{9A19103F-16F7-4668-BE54-9A1E7A4F7556}") = "ClassicalCalendarGenericModel", "ClassicalCalendarGenericModel\ClassicalCalendarGenericModel.csproj", "{CA1DDC63-0B84-4B19-B3F8-C1733F719556}"
EndProject
Project("{2150E333-8FDC-42A3-9474-1A3956D46DE8}") = "ClassicalCalendarStaticModel", "ClassicalCalendarStaticModel", "{C71882C0-09E1-4754-829E-F46FE6CA55CB}"
EndProject
Project("{9A19103F-16F7-4668-BE54-9A1E7A4F7556}") = "Static", "Static\Static.csproj", "{94873A3B-49CB-4A3C-8773-2B93C4526F1C}"
EndProject
Project("{2150E333-8FDC-42A3-9474-1A3956D46DE8}") = "ClassicalCalendarEnum", "ClassicalCalendarEnum", "{BAC3E816-9842-478F-A86D-C96492D053C9}"
EndProject
Project("{9A19103F-16F7-4668-BE54-9A1E7A4F7556}") = "Enum", "Enum\Enum.csproj", "{5A2D3597-FB61-4EFF-A3F6-FDBC8A7D920B}"
EndProject
Project("{2150E333-8FDC-42A3-9474-1A3956D46DE8}") = "ClassicalCalendarRepository", "ClassicalCalendarRepository", "{9F04A696-682D-43F4-8164-11CDA4AB3CD0}"
EndProject
Project("{FAE04EC0-301F-11D3-BF4B-00C04F79EFBC}") = "ClassicalCalendarRepo", "ClassicalCalendarRepo\ClassicalCalendarRepo.csproj", "{9971060A-FEA5-470B-9ECE-56217CB8EF91}"
EndProject
Project("{2150E333-8FDC-42A3-9474-1A3956D46DE8}") = "NseApiServices", "NseApiServices", "{D6267A73-BF4A-4746-A9F6-249125E00B35}"
EndProject
Project("{FAE04EC0-301F-11D3-BF4B-00C04F79EFBC}") = "NseApi", "NseApi\NseApi.csproj", "{85CBA583-027A-42AF-8F24-4BBBAFA88AA6}"
EndProject
Global
	GlobalSection(SolutionConfigurationPlatforms) = preSolution
		Debug|Any CPU = Debug|Any CPU
		Release|Any CPU = Release|Any CPU
	EndGlobalSection
	GlobalSection(ProjectConfigurationPlatforms) = postSolution
		{CEFE6226-738C-4296-A451-DA62029533E6}.Debug|Any CPU.ActiveCfg = Debug|Any CPU
		{CEFE6226-738C-4296-A451-DA62029533E6}.Debug|Any CPU.Build.0 = Debug|Any CPU
		{CEFE6226-738C-4296-A451-DA62029533E6}.Release|Any CPU.ActiveCfg = Release|Any CPU
		{CEFE6226-738C-4296-A451-DA62029533E6}.Release|Any CPU.Build.0 = Release|Any CPU
		{EF378E65-BE45-4315-A6E9-25699AFF8E97}.Debug|Any CPU.ActiveCfg = Debug|Any CPU
		{EF378E65-BE45-4315-A6E9-25699AFF8E97}.Debug|Any CPU.Build.0 = Debug|Any CPU
		{EF378E65-BE45-4315-A6E9-25699AFF8E97}.Release|Any CPU.ActiveCfg = Release|Any CPU
		{EF378E65-BE45-4315-A6E9-25699AFF8E97}.Release|Any CPU.Build.0 = Release|Any CPU
		{5F125B93-674C-407E-A2F3-B10CAC474FA8}.Debug|Any CPU.ActiveCfg = Debug|Any CPU
		{5F125B93-674C-407E-A2F3-B10CAC474FA8}.Debug|Any CPU.Build.0 = Debug|Any CPU
		{5F125B93-674C-407E-A2F3-B10CAC474FA8}.Release|Any CPU.ActiveCfg = Release|Any CPU
		{5F125B93-674C-407E-A2F3-B10CAC474FA8}.Release|Any CPU.Build.0 = Release|Any CPU
		{CD556536-1912-41EB-85B3-50B4BA0C4C95}.Debug|Any CPU.ActiveCfg = Debug|Any CPU
		{CD556536-1912-41EB-85B3-50B4BA0C4C95}.Debug|Any CPU.Build.0 = Debug|Any CPU
		{CD556536-1912-41EB-85B3-50B4BA0C4C95}.Release|Any CPU.ActiveCfg = Release|Any CPU
		{CD556536-1912-41EB-85B3-50B4BA0C4C95}.Release|Any CPU.Build.0 = Release|Any CPU
		{6B99F2F5-51C1-40E2-BBC7-B641C35021CC}.Debug|Any CPU.ActiveCfg = Debug|Any CPU
		{6B99F2F5-51C1-40E2-BBC7-B641C35021CC}.Debug|Any CPU.Build.0 = Debug|Any CPU
		{6B99F2F5-51C1-40E2-BBC7-B641C35021CC}.Release|Any CPU.ActiveCfg = Release|Any CPU
		{6B99F2F5-51C1-40E2-BBC7-B641C35021CC}.Release|Any CPU.Build.0 = Release|Any CPU
		{CA1DDC63-0B84-4B19-B3F8-C1733F719556}.Debug|Any CPU.ActiveCfg = Debug|Any CPU
		{CA1DDC63-0B84-4B19-B3F8-C1733F719556}.Debug|Any CPU.Build.0 = Debug|Any CPU
		{CA1DDC63-0B84-4B19-B3F8-C1733F719556}.Release|Any CPU.ActiveCfg = Release|Any CPU
		{CA1DDC63-0B84-4B19-B3F8-C1733F719556}.Release|Any CPU.Build.0 = Release|Any CPU
		{94873A3B-49CB-4A3C-8773-2B93C4526F1C}.Debug|Any CPU.ActiveCfg = Debug|Any CPU
		{94873A3B-49CB-4A3C-8773-2B93C4526F1C}.Debug|Any CPU.Build.0 = Debug|Any CPU
		{94873A3B-49CB-4A3C-8773-2B93C4526F1C}.Release|Any CPU.ActiveCfg = Release|Any CPU
		{94873A3B-49CB-4A3C-8773-2B93C4526F1C}.Release|Any CPU.Build.0 = Release|Any CPU
		{5A2D3597-FB61-4EFF-A3F6-FDBC8A7D920B}.Debug|Any CPU.ActiveCfg = Debug|Any CPU
		{5A2D3597-FB61-4EFF-A3F6-FDBC8A7D920B}.Debug|Any CPU.Build.0 = Debug|Any CPU
		{5A2D3597-FB61-4EFF-A3F6-FDBC8A7D920B}.Release|Any CPU.ActiveCfg = Release|Any CPU
		{5A2D3597-FB61-4EFF-A3F6-FDBC8A7D920B}.Release|Any CPU.Build.0 = Release|Any CPU
		{9971060A-FEA5-470B-9ECE-56217CB8EF91}.Debug|Any CPU.ActiveCfg = Debug|Any CPU
		{9971060A-FEA5-470B-9ECE-56217CB8EF91}.Debug|Any CPU.Build.0 = Debug|Any CPU
		{9971060A-FEA5-470B-9ECE-56217CB8EF91}.Release|Any CPU.ActiveCfg = Release|Any CPU
		{9971060A-FEA5-470B-9ECE-56217CB8EF91}.Release|Any CPU.Build.0 = Release|Any CPU
		{85CBA583-027A-42AF-8F24-4BBBAFA88AA6}.Debug|Any CPU.ActiveCfg = Debug|Any CPU
		{85CBA583-027A-42AF-8F24-4BBBAFA88AA6}.Debug|Any CPU.Build.0 = Debug|Any CPU
		{85CBA583-027A-42AF-8F24-4BBBAFA88AA6}.Release|Any CPU.ActiveCfg = Release|Any CPU
		{85CBA583-027A-42AF-8F24-4BBBAFA88AA6}.Release|Any CPU.Build.0 = Release|Any CPU
	EndGlobalSection
	GlobalSection(SolutionProperties) = preSolution
		HideSolutionNode = FALSE
	EndGlobalSection
	GlobalSection(NestedProjects) = preSolution
		{EF378E65-BE45-4315-A6E9-25699AFF8E97} = {3C545755-A26F-47BF-9F84-CD49C69ACABC}
		{5F125B93-674C-407E-A2F3-B10CAC474FA8} = {69680487-6868-4531-8F7B-40703E8C5B01}
		{CD556536-1912-41EB-85B3-50B4BA0C4C95} = {6D2CA92B-9C43-4910-A478-2887B8E00E91}
		{6B99F2F5-51C1-40E2-BBC7-B641C35021CC} = {5E39F98C-F41D-415B-BDB2-51418B0F3596}
		{CA1DDC63-0B84-4B19-B3F8-C1733F719556} = {357C8475-DA62-4A66-8841-12044504B5E4}
		{94873A3B-49CB-4A3C-8773-2B93C4526F1C} = {C71882C0-09E1-4754-829E-F46FE6CA55CB}
		{5A2D3597-FB61-4EFF-A3F6-FDBC8A7D920B} = {BAC3E816-9842-478F-A86D-C96492D053C9}
		{9971060A-FEA5-470B-9ECE-56217CB8EF91} = {9F04A696-682D-43F4-8164-11CDA4AB3CD0}
		{85CBA583-027A-42AF-8F24-4BBBAFA88AA6} = {D6267A73-BF4A-4746-A9F6-249125E00B35}
	EndGlobalSection
	GlobalSection(ExtensibilityGlobals) = postSolution
		SolutionGuid = {FC3C1ABB-ABA7-41DC-A7F7-393508F05C56}
	EndGlobalSection
EndGlobal
